<?xml version="1.0" encoding="utf-8"?>
<Project ToolsVersion="4.0" xmlns="http://schemas.microsoft.com/developer/msbuild/2003">
  <ItemGroup>
    <ClInclude Include="image.h" />
    <ClInclude Include="stdafx.h" />
    <ClInclude Include="vec3.h" />
    <ClInclude Include="ray.h" />
    <ClInclude Include="hitable.h" />
    <ClInclude Include="sphere.h" />
    <ClInclude Include="timer.h" />
    <ClInclude Include="hitable_list.h" />
    <ClInclude Include="camera.h" />
    <ClInclude Include="rng.h" />
    <ClInclude Include="material.h" />
    <ClInclude Include="moving_sphere.h" />
    <ClInclude Include="aabb.h" />
    <ClInclude Include="bvh.h" />
    <ClInclude Include="texture.h" />
    <ClInclude Include="noise.h" />
    <ClInclude Include="rectangle.h" />
    <ClInclude Include="box.h" />
    <ClInclude Include="instance.h" />
    <ClInclude Include="medium.h" />
  </ItemGroup>
  <ItemGroup>
    <ClCompile Include="image.cpp" />
    <ClCompile Include="stdafx.cpp" />
    <ClCompile Include="sphere.cpp" />
    <ClCompile Include="timer.cpp" />
    <ClCompile Include="hitable_list.cpp" />
    <ClCompile Include="camera.cpp" />
    <ClCompile Include="rng.cpp" />
    <ClCompile Include="moving_sphere.cpp" />
    <ClCompile Include="aabb.cpp" />
    <ClCompile Include="bvh.cpp" />
    <ClCompile Include="material.cpp" />
    <ClCompile Include="texture.cpp" />
    <ClCompile Include="noise.cpp" />
    <ClCompile Include="rectangle.cpp" />
    <ClCompile Include="box.cpp" />
    <ClCompile Include="instance.cpp" />
    <ClCompile Include="medium.cpp" />
  </ItemGroup>
</Project>