<?xml version="1.0" encoding="utf-8"?>
<Project ToolsVersion="4.0" xmlns="http://schemas.microsoft.com/developer/msbuild/2003">
  <ItemGroup>
    <ClInclude Include="image.h" />
    <ClInclude Include="stdafx.h" />
    <ClInclude Include="vec3.h" />
    <ClInclude Include="ray.h" />
    <ClInclude Include="hitable.h" />
    <ClInclude Include="sphere.h" />
    <ClInclude Include="timer.h" />
    <ClInclude Include="hitable_list.h" />
    <ClInclude Include="camera.h" />
    <ClInclude Include="rng.h" />
    <ClInclude Include="material.h" />
    <ClInclude Include="lambertian.h" />
    <ClInclude Include="metal.h" />
    <ClInclude Include="dielectric.h" />
    <ClInclude Include="moving_sphere.h" />
    <ClInclude Include="aabb.h" />
    <ClInclude Include="bvh.h" />
  </ItemGroup>
  <ItemGroup>
    <ClCompile Include="image.cpp" />
    <ClCompile Include="stdafx.cpp" />
    <ClCompile Include="sphere.cpp" />
    <ClCompile Include="timer.cpp" />
    <ClCompile Include="hitable_list.cpp" />
    <ClCompile Include="camera.cpp" />
    <ClCompile Include="rng.cpp" />
    <ClCompile Include="lambertian.cpp" />
    <ClCompile Include="metal.cpp" />
    <ClCompile Include="dielectric.cpp" />
    <ClCompile Include="moving_sphere.cpp" />
    <ClCompile Include="aabb.cpp" />
    <ClCompile Include="bvh.cpp" />
  </ItemGroup>
</Project>